<?xml version="1.0" encoding="utf-8"?>
<Project ToolsVersion="4.0" xmlns="http://schemas.microsoft.com/developer/msbuild/2003">
  <ItemGroup>
    <Filter Include="Source Files">
      <UniqueIdentifier>{4FC737F1-C7A5-4376-A066-2A32D752A2FF}</UniqueIdentifier>
      <Extensions>cpp;c;cc;cxx;def;odl;idl;hpj;bat;asm;asmx</Extensions>
    </Filter>
    <Filter Include="Header Files">
      <UniqueIdentifier>{93995380-89BD-4b04-88EB-625FBE52EBFB}</UniqueIdentifier>
      <Extensions>h;hh;hpp;hxx;hm;inl;inc;ipp;xsd</Extensions>
    </Filter>
    <Filter Include="Resource Files">
      <UniqueIdentifier>{67DA6AB6-F800-4c08-8B7A-83BB121AAD01}</UniqueIdentifier>
      <Extensions>rc;ico;cur;bmp;dlg;rc2;rct;bin;rgs;gif;jpg;jpeg;jpe;resx;tiff;tif;png;wav;mfcribbon-ms</Extensions>
    </Filter>
  </ItemGroup>
  <ItemGroup>
    <ClInclude Include="..\..\PROJECTNEWTRIAL\game_menu.h">
      <Filter>Header Files</Filter>
    </ClInclude>
    <ClInclude Include="..\..\PROJECTNEWTRIAL\maze.h">
      <Filter>Header Files</Filter>
    </ClInclude>
    <ClInclude Include="..\..\PROJECTNEWTRIAL\rendermaze.h">
      <Filter>Header Files</Filter>
    </ClInclude>
    <ClInclude Include="fssimplewindow.h">
      <Filter>Header Files</Filter>
    </ClInclude>
    <ClInclude Include="ysglfontdata.h">
      <Filter>Header Files</Filter>
    </ClInclude>
    <ClInclude Include="yspng.h">
      <Filter>Header Files</Filter>
    </ClInclude>
    <ClInclude Include="yspngenc.h">
      <Filter>Header Files</Filter>
    </ClInclude>
    <ClInclude Include="..\..\PROJECTNEWTRIAL\framework3d.h">
      <Filter>Header Files</Filter>
    </ClInclude>
    <ClInclude Include="..\..\PROJECTNEWTRIAL\game.h">
      <Filter>Header Files</Filter>
    </ClInclude>
    <ClInclude Include="yssimplesound.h">
      <Filter>Header Files</Filter>
    </ClInclude>
    <ClInclude Include="..\..\PROJECTNEWTRIAL\dialogbox.h">
      <Filter>Header Files</Filter>
    </ClInclude>
  </ItemGroup>
  <ItemGroup>
    <ClCompile Include="..\..\PROJECTNEWTRIAL\game_menu.cpp">
      <Filter>Source Files</Filter>
    </ClCompile>
    <ClCompile Include="..\..\PROJECTNEWTRIAL\maze.cpp">
      <Filter>Source Files</Filter>
    </ClCompile>
    <ClCompile Include="..\..\PROJECTNEWTRIAL\rendermaze.cpp">
      <Filter>Source Files</Filter>
    </ClCompile>
    <ClCompile Include="..\..\PROJECTNEWTRIAL\FinalProject.cpp">
      <Filter>Source Files</Filter>
    </ClCompile>
    <ClCompile Include="fssimplewindow.cpp">
      <Filter>Source Files</Filter>
    </ClCompile>
    <ClCompile Include="ysglfontdata.c">
      <Filter>Source Files</Filter>
    </ClCompile>
    <ClCompile Include="yspng.cpp">
      <Filter>Source Files</Filter>
    </ClCompile>
    <ClCompile Include="yspngenc.cpp">
      <Filter>Source Files</Filter>
    </ClCompile>
    <ClCompile Include="..\..\PROJECTNEWTRIAL\framework3d.cpp">
      <Filter>Source Files</Filter>
    </ClCompile>
    <ClCompile Include="..\..\PROJECTNEWTRIAL\game.cpp">
      <Filter>Source Files</Filter>
    </ClCompile>
    <ClCompile Include="yssimplesound.cpp">
      <Filter>Source Files</Filter>
    </ClCompile>
    <ClCompile Include="yssimplesound_dsound.cpp">
      <Filter>Source Files</Filter>
    </ClCompile>
    <ClCompile Include="..\..\PROJECTNEWTRIAL\dialogbox.cpp">
      <Filter>Source Files</Filter>
    </ClCompile>
  </ItemGroup>
</Project>